
Microsoft Visual Studio Solution File, Format Version 12.00
# Visual Studio Version 17
VisualStudioVersion = 17.3.32825.248
MinimumVisualStudioVersion = 10.0.40219.1
Project("{FAE04EC0-301F-11D3-BF4B-00C04F79EFBC}") = "cse 210_01", "cse 210_01.csproj", "{013F7927-F5C5-46F0-887B-79BB74DFA273}"
EndProject
Global
	GlobalSection(SolutionConfigurationPlatforms) = preSolution
		Debug|Any CPU = Debug|Any CPU
		Release|Any CPU = Release|Any CPU
	EndGlobalSection
	GlobalSection(ProjectConfigurationPlatforms) = postSolution
		{013F7927-F5C5-46F0-887B-79BB74DFA273}.Debug|Any CPU.ActiveCfg = Debug|Any CPU
		{013F7927-F5C5-46F0-887B-79BB74DFA273}.Debug|Any CPU.Build.0 = Debug|Any CPU
		{013F7927-F5C5-46F0-887B-79BB74DFA273}.Release|Any CPU.ActiveCfg = Release|Any CPU
		{013F7927-F5C5-46F0-887B-79BB74DFA273}.Release|Any CPU.Build.0 = Release|Any CPU
	EndGlobalSection
	GlobalSection(SolutionProperties) = preSolution
		HideSolutionNode = FALSE
	EndGlobalSection
	GlobalSection(ExtensibilityGlobals) = postSolution
		SolutionGuid = {B0C04299-FA29-465A-9A2A-DE09AC4BBCF8}
	EndGlobalSection
EndGlobal
