
Microsoft Visual Studio Solution File, Format Version 12.00
# Visual Studio Version 17
VisualStudioVersion = 17.3.32825.248
MinimumVisualStudioVersion = 10.0.40219.1
Project("{9A19103F-16F7-4668-BE54-9A1E7A4F7556}") = "TicTacToe", "TicTacToe\TicTacToe.csproj", "{5EC39AEB-4A10-40F2-BB07-19F60D452A6D}"
EndProject
Project("{9A19103F-16F7-4668-BE54-9A1E7A4F7556}") = "Dice", "Dice\Dice.csproj", "{8C0291B4-0A55-47E6-90D2-0ACC48EA822B}"
EndProject
Project("{9A19103F-16F7-4668-BE54-9A1E7A4F7556}") = "Hilo", "Hilo\Hilo.csproj", "{7B690114-6359-4A8C-9B17-8F08C5F7FAE5}"
EndProject
Project("{9A19103F-16F7-4668-BE54-9A1E7A4F7556}") = "GameTest", "GameTest\GameTest.csproj", "{FD6830C4-8E7F-476E-A7D3-FEB3425E0DA6}"
EndProject
Project("{2150E333-8FDC-42A3-9474-1A3956D46DE8}") = "Solution Items", "Solution Items", "{0D1C1B22-BE30-4114-B01E-56175AF6B333}"
	ProjectSection(SolutionItems) = preProject
		raylib.dll = raylib.dll
	EndProjectSection
EndProject
Project("{9A19103F-16F7-4668-BE54-9A1E7A4F7556}") = "Jumper", "Jumper\Jumper.csproj", "{CD4178B4-C0B9-45FC-8C4B-6BDB35019E14}"
EndProject
Project("{9A19103F-16F7-4668-BE54-9A1E7A4F7556}") = "Greed", "Greed\Greed.csproj", "{C7AFA015-19A9-45E5-8AF0-88CA72A6205A}"
EndProject
Global
	GlobalSection(SolutionConfigurationPlatforms) = preSolution
		Debug|Any CPU = Debug|Any CPU
		Release|Any CPU = Release|Any CPU
	EndGlobalSection
	GlobalSection(ProjectConfigurationPlatforms) = postSolution
		{5EC39AEB-4A10-40F2-BB07-19F60D452A6D}.Debug|Any CPU.ActiveCfg = Debug|Any CPU
		{5EC39AEB-4A10-40F2-BB07-19F60D452A6D}.Debug|Any CPU.Build.0 = Debug|Any CPU
		{5EC39AEB-4A10-40F2-BB07-19F60D452A6D}.Release|Any CPU.ActiveCfg = Release|Any CPU
		{5EC39AEB-4A10-40F2-BB07-19F60D452A6D}.Release|Any CPU.Build.0 = Release|Any CPU
		{8C0291B4-0A55-47E6-90D2-0ACC48EA822B}.Debug|Any CPU.ActiveCfg = Debug|Any CPU
		{8C0291B4-0A55-47E6-90D2-0ACC48EA822B}.Debug|Any CPU.Build.0 = Debug|Any CPU
		{8C0291B4-0A55-47E6-90D2-0ACC48EA822B}.Release|Any CPU.ActiveCfg = Release|Any CPU
		{8C0291B4-0A55-47E6-90D2-0ACC48EA822B}.Release|Any CPU.Build.0 = Release|Any CPU
		{7B690114-6359-4A8C-9B17-8F08C5F7FAE5}.Debug|Any CPU.ActiveCfg = Debug|Any CPU
		{7B690114-6359-4A8C-9B17-8F08C5F7FAE5}.Debug|Any CPU.Build.0 = Debug|Any CPU
		{7B690114-6359-4A8C-9B17-8F08C5F7FAE5}.Release|Any CPU.ActiveCfg = Release|Any CPU
		{7B690114-6359-4A8C-9B17-8F08C5F7FAE5}.Release|Any CPU.Build.0 = Release|Any CPU
		{FD6830C4-8E7F-476E-A7D3-FEB3425E0DA6}.Debug|Any CPU.ActiveCfg = Debug|Any CPU
		{FD6830C4-8E7F-476E-A7D3-FEB3425E0DA6}.Debug|Any CPU.Build.0 = Debug|Any CPU
		{FD6830C4-8E7F-476E-A7D3-FEB3425E0DA6}.Release|Any CPU.ActiveCfg = Release|Any CPU
		{FD6830C4-8E7F-476E-A7D3-FEB3425E0DA6}.Release|Any CPU.Build.0 = Release|Any CPU
		{CD4178B4-C0B9-45FC-8C4B-6BDB35019E14}.Debug|Any CPU.ActiveCfg = Debug|Any CPU
		{CD4178B4-C0B9-45FC-8C4B-6BDB35019E14}.Debug|Any CPU.Build.0 = Debug|Any CPU
		{CD4178B4-C0B9-45FC-8C4B-6BDB35019E14}.Release|Any CPU.ActiveCfg = Release|Any CPU
		{CD4178B4-C0B9-45FC-8C4B-6BDB35019E14}.Release|Any CPU.Build.0 = Release|Any CPU
		{C7AFA015-19A9-45E5-8AF0-88CA72A6205A}.Debug|Any CPU.ActiveCfg = Debug|Any CPU
		{C7AFA015-19A9-45E5-8AF0-88CA72A6205A}.Debug|Any CPU.Build.0 = Debug|Any CPU
		{C7AFA015-19A9-45E5-8AF0-88CA72A6205A}.Release|Any CPU.ActiveCfg = Release|Any CPU
		{C7AFA015-19A9-45E5-8AF0-88CA72A6205A}.Release|Any CPU.Build.0 = Release|Any CPU
	EndGlobalSection
	GlobalSection(SolutionProperties) = preSolution
		HideSolutionNode = FALSE
	EndGlobalSection
	GlobalSection(ExtensibilityGlobals) = postSolution
		SolutionGuid = {1F83A8D5-360A-4322-B732-C5B2DF23B274}
	EndGlobalSection
EndGlobal
